dependencies:
- name: common
  repository: https://charts.bitnami.com/bitnami
  version: 2.20.2
- name: keycloak
  repository: https://charts.bitnami.com/bitnami
  version: 17.3.1
- name: postgresql
  repository: https://charts.bitnami.com/bitnami
  version: 12.2.6
- name: redis
  repository: https://charts.bitnami.com/bitnami
  version: 17.9.2
- name: rabbitmq
  repository: https://charts.bitnami.com/bitnami
  version: 11.12.0
digest: sha256:c97f1510d4a364f9ffc56be8203ace2e226aa7cc3a84dd47f1e4f0b58f9b0624
generated: "2024-06-14T11:13:05.106706232Z"
